
Microsoft Visual Studio Solution File, Format Version 12.00
# Visual Studio Version 17
VisualStudioVersion = 17.8.34316.72
MinimumVisualStudioVersion = 10.0.40219.1
Project("{FAE04EC0-301F-11D3-BF4B-00C04F79EFBC}") = "Server", "Server\Server.csproj", "{2F1F5FB1-202F-4A34-916F-5179DDA09823}"
EndProject
Project("{FAE04EC0-301F-11D3-BF4B-00C04F79EFBC}") = "Client", "Client\Client.csproj", "{98BFFDA1-2F47-4E22-98E4-8BCEEF71C4AF}"
EndProject
Project("{FAE04EC0-301F-11D3-BF4B-00C04F79EFBC}") = "BaseLibrary", "BaseLibrary\BaseLibrary.csproj", "{002B73CC-A6C4-4F0F-B1F2-AE603E86C52B}"
EndProject
Project("{FAE04EC0-301F-11D3-BF4B-00C04F79EFBC}") = "ClientLibrary", "ClientLibrary\ClientLibrary.csproj", "{55354E56-6627-46C3-A488-655BCB972A52}"
EndProject
Project("{FAE04EC0-301F-11D3-BF4B-00C04F79EFBC}") = "ServerLibrary", "ServerLibrary\ServerLibrary.csproj", "{D079449B-B661-4568-AA24-BD989AF1D354}"
EndProject
Global
	GlobalSection(SolutionConfigurationPlatforms) = preSolution
		Debug|Any CPU = Debug|Any CPU
		Release|Any CPU = Release|Any CPU
	EndGlobalSection
	GlobalSection(ProjectConfigurationPlatforms) = postSolution
		{2F1F5FB1-202F-4A34-916F-5179DDA09823}.Debug|Any CPU.ActiveCfg = Debug|Any CPU
		{2F1F5FB1-202F-4A34-916F-5179DDA09823}.Debug|Any CPU.Build.0 = Debug|Any CPU
		{2F1F5FB1-202F-4A34-916F-5179DDA09823}.Release|Any CPU.ActiveCfg = Release|Any CPU
		{2F1F5FB1-202F-4A34-916F-5179DDA09823}.Release|Any CPU.Build.0 = Release|Any CPU
		{98BFFDA1-2F47-4E22-98E4-8BCEEF71C4AF}.Debug|Any CPU.ActiveCfg = Debug|Any CPU
		{98BFFDA1-2F47-4E22-98E4-8BCEEF71C4AF}.Debug|Any CPU.Build.0 = Debug|Any CPU
		{98BFFDA1-2F47-4E22-98E4-8BCEEF71C4AF}.Release|Any CPU.ActiveCfg = Release|Any CPU
		{98BFFDA1-2F47-4E22-98E4-8BCEEF71C4AF}.Release|Any CPU.Build.0 = Release|Any CPU
		{002B73CC-A6C4-4F0F-B1F2-AE603E86C52B}.Debug|Any CPU.ActiveCfg = Debug|Any CPU
		{002B73CC-A6C4-4F0F-B1F2-AE603E86C52B}.Debug|Any CPU.Build.0 = Debug|Any CPU
		{002B73CC-A6C4-4F0F-B1F2-AE603E86C52B}.Release|Any CPU.ActiveCfg = Release|Any CPU
		{002B73CC-A6C4-4F0F-B1F2-AE603E86C52B}.Release|Any CPU.Build.0 = Release|Any CPU
		{55354E56-6627-46C3-A488-655BCB972A52}.Debug|Any CPU.ActiveCfg = Debug|Any CPU
		{55354E56-6627-46C3-A488-655BCB972A52}.Debug|Any CPU.Build.0 = Debug|Any CPU
		{55354E56-6627-46C3-A488-655BCB972A52}.Release|Any CPU.ActiveCfg = Release|Any CPU
		{55354E56-6627-46C3-A488-655BCB972A52}.Release|Any CPU.Build.0 = Release|Any CPU
		{D079449B-B661-4568-AA24-BD989AF1D354}.Debug|Any CPU.ActiveCfg = Debug|Any CPU
		{D079449B-B661-4568-AA24-BD989AF1D354}.Debug|Any CPU.Build.0 = Debug|Any CPU
		{D079449B-B661-4568-AA24-BD989AF1D354}.Release|Any CPU.ActiveCfg = Release|Any CPU
		{D079449B-B661-4568-AA24-BD989AF1D354}.Release|Any CPU.Build.0 = Release|Any CPU
	EndGlobalSection
	GlobalSection(SolutionProperties) = preSolution
		HideSolutionNode = FALSE
	EndGlobalSection
	GlobalSection(ExtensibilityGlobals) = postSolution
		SolutionGuid = {17D7111F-4CF3-486C-8103-41764D509EB5}
	EndGlobalSection
EndGlobal
